
Microsoft Visual Studio Solution File, Format Version 12.00
# Visual Studio Version 16
VisualStudioVersion = 16.0.29905.134
MinimumVisualStudioVersion = 10.0.40219.1
Project("{9A19103F-16F7-4668-BE54-9A1E7A4F7556}") = "Parse", "Parse\Parse.csproj", "{297FE1CA-AEDF-47BB-964D-E82780EA0A1C}"
EndProject
Project("{2150E333-8FDC-42A3-9474-1A3956D46DE8}") = "Solution Items", "Solution Items", "{35AC7BF1-C7AA-4B48-A41D-858F226E660E}"
	ProjectSection(SolutionItems) = preProject
		.appveyor.yml = .appveyor.yml
		.editorconfig = .editorconfig
		CONTRIBUTING.md = CONTRIBUTING.md
		LICENSE = LICENSE
		PATENTS = PATENTS
		README.md = README.md
	EndProjectSection
EndProject
Project("{9A19103F-16F7-4668-BE54-9A1E7A4F7556}") = "Parse.Tests", "Parse.Tests\Parse.Tests.csproj", "{E5529694-B75B-4F07-8436-A749B5E801C3}"
EndProject
Global
	GlobalSection(SolutionConfigurationPlatforms) = preSolution
		Debug|Any CPU = Debug|Any CPU
		Release|Any CPU = Release|Any CPU
	EndGlobalSection
	GlobalSection(ProjectConfigurationPlatforms) = postSolution
		{297FE1CA-AEDF-47BB-964D-E82780EA0A1C}.Debug|Any CPU.ActiveCfg = Debug|Any CPU
		{297FE1CA-AEDF-47BB-964D-E82780EA0A1C}.Debug|Any CPU.Build.0 = Debug|Any CPU
		{297FE1CA-AEDF-47BB-964D-E82780EA0A1C}.Release|Any CPU.ActiveCfg = Release|Any CPU
		{297FE1CA-AEDF-47BB-964D-E82780EA0A1C}.Release|Any CPU.Build.0 = Release|Any CPU
		{E5529694-B75B-4F07-8436-A749B5E801C3}.Debug|Any CPU.ActiveCfg = Debug|Any CPU
		{E5529694-B75B-4F07-8436-A749B5E801C3}.Debug|Any CPU.Build.0 = Debug|Any CPU
		{E5529694-B75B-4F07-8436-A749B5E801C3}.Release|Any CPU.ActiveCfg = Release|Any CPU
		{E5529694-B75B-4F07-8436-A749B5E801C3}.Release|Any CPU.Build.0 = Release|Any CPU
	EndGlobalSection
	GlobalSection(SolutionProperties) = preSolution
		HideSolutionNode = FALSE
	EndGlobalSection
	GlobalSection(ExtensibilityGlobals) = postSolution
		SolutionGuid = {E26E407E-67EF-4640-B352-AFBA75598016}
	EndGlobalSection
EndGlobal
