
Microsoft Visual Studio Solution File, Format Version 12.00
# Visual Studio 15
VisualStudioVersion = 15.0.27130.2010
MinimumVisualStudioVersion = 10.0.40219.1
Project("{9A19103F-16F7-4668-BE54-9A1E7A4F7556}") = "Parse", "Parse\Parse.csproj", "{297FE1CA-AEDF-47BB-964D-E82780EA0A1C}"
EndProject
Project("{9A19103F-16F7-4668-BE54-9A1E7A4F7556}") = "Parse.Test", "Parse.Test\Parse.Test.csproj", "{F54F1CF4-89AB-48E9-99C5-6CCD88B3EDBB}"
EndProject
Global
	GlobalSection(SolutionConfigurationPlatforms) = preSolution
		Debug|Any CPU = Debug|Any CPU
		Release|Any CPU = Release|Any CPU
	EndGlobalSection
	GlobalSection(ProjectConfigurationPlatforms) = postSolution
		{297FE1CA-AEDF-47BB-964D-E82780EA0A1C}.Debug|Any CPU.ActiveCfg = Debug|Any CPU
		{297FE1CA-AEDF-47BB-964D-E82780EA0A1C}.Debug|Any CPU.Build.0 = Debug|Any CPU
		{297FE1CA-AEDF-47BB-964D-E82780EA0A1C}.Release|Any CPU.ActiveCfg = Release|Any CPU
		{297FE1CA-AEDF-47BB-964D-E82780EA0A1C}.Release|Any CPU.Build.0 = Release|Any CPU
		{F54F1CF4-89AB-48E9-99C5-6CCD88B3EDBB}.Debug|Any CPU.ActiveCfg = Debug|Any CPU
		{F54F1CF4-89AB-48E9-99C5-6CCD88B3EDBB}.Debug|Any CPU.Build.0 = Debug|Any CPU
		{F54F1CF4-89AB-48E9-99C5-6CCD88B3EDBB}.Release|Any CPU.ActiveCfg = Release|Any CPU
		{F54F1CF4-89AB-48E9-99C5-6CCD88B3EDBB}.Release|Any CPU.Build.0 = Release|Any CPU
	EndGlobalSection
	GlobalSection(SolutionProperties) = preSolution
		HideSolutionNode = FALSE
	EndGlobalSection
	GlobalSection(ExtensibilityGlobals) = postSolution
		SolutionGuid = {E26E407E-67EF-4640-B352-AFBA75598016}
	EndGlobalSection
EndGlobal
