
Microsoft Visual Studio Solution File, Format Version 12.00
# Visual Studio 2012
Project("{FAE04EC0-301F-11D3-BF4B-00C04F79EFBC}") = "ParsePushSample", "ParsePushSample\ParsePushSample.csproj", "{C4F74810-A1B7-4FC8-8314-0E982F6127EC}"
EndProject
Global
	GlobalSection(SolutionConfigurationPlatforms) = preSolution
		Debug|Any CPU = Debug|Any CPU
		Debug|ARM = Debug|ARM
		Debug|x64 = Debug|x64
		Debug|x86 = Debug|x86
		Release|Any CPU = Release|Any CPU
		Release|ARM = Release|ARM
		Release|x64 = Release|x64
		Release|x86 = Release|x86
	EndGlobalSection
	GlobalSection(ProjectConfigurationPlatforms) = postSolution
		{C4F74810-A1B7-4FC8-8314-0E982F6127EC}.Debug|Any CPU.ActiveCfg = Debug|Any CPU
		{C4F74810-A1B7-4FC8-8314-0E982F6127EC}.Debug|Any CPU.Build.0 = Debug|Any CPU
		{C4F74810-A1B7-4FC8-8314-0E982F6127EC}.Debug|Any CPU.Deploy.0 = Debug|Any CPU
		{C4F74810-A1B7-4FC8-8314-0E982F6127EC}.Debug|ARM.ActiveCfg = Debug|ARM
		{C4F74810-A1B7-4FC8-8314-0E982F6127EC}.Debug|ARM.Build.0 = Debug|ARM
		{C4F74810-A1B7-4FC8-8314-0E982F6127EC}.Debug|ARM.Deploy.0 = Debug|ARM
		{C4F74810-A1B7-4FC8-8314-0E982F6127EC}.Debug|x64.ActiveCfg = Debug|x64
		{C4F74810-A1B7-4FC8-8314-0E982F6127EC}.Debug|x64.Build.0 = Debug|x64
		{C4F74810-A1B7-4FC8-8314-0E982F6127EC}.Debug|x64.Deploy.0 = Debug|x64
		{C4F74810-A1B7-4FC8-8314-0E982F6127EC}.Debug|x86.ActiveCfg = Debug|x86
		{C4F74810-A1B7-4FC8-8314-0E982F6127EC}.Debug|x86.Build.0 = Debug|x86
		{C4F74810-A1B7-4FC8-8314-0E982F6127EC}.Debug|x86.Deploy.0 = Debug|x86
		{C4F74810-A1B7-4FC8-8314-0E982F6127EC}.Release|Any CPU.ActiveCfg = Release|Any CPU
		{C4F74810-A1B7-4FC8-8314-0E982F6127EC}.Release|Any CPU.Build.0 = Release|Any CPU
		{C4F74810-A1B7-4FC8-8314-0E982F6127EC}.Release|Any CPU.Deploy.0 = Release|Any CPU
		{C4F74810-A1B7-4FC8-8314-0E982F6127EC}.Release|ARM.ActiveCfg = Release|ARM
		{C4F74810-A1B7-4FC8-8314-0E982F6127EC}.Release|ARM.Build.0 = Release|ARM
		{C4F74810-A1B7-4FC8-8314-0E982F6127EC}.Release|ARM.Deploy.0 = Release|ARM
		{C4F74810-A1B7-4FC8-8314-0E982F6127EC}.Release|x64.ActiveCfg = Release|x64
		{C4F74810-A1B7-4FC8-8314-0E982F6127EC}.Release|x64.Build.0 = Release|x64
		{C4F74810-A1B7-4FC8-8314-0E982F6127EC}.Release|x64.Deploy.0 = Release|x64
		{C4F74810-A1B7-4FC8-8314-0E982F6127EC}.Release|x86.ActiveCfg = Release|x86
		{C4F74810-A1B7-4FC8-8314-0E982F6127EC}.Release|x86.Build.0 = Release|x86
		{C4F74810-A1B7-4FC8-8314-0E982F6127EC}.Release|x86.Deploy.0 = Release|x86
	EndGlobalSection
	GlobalSection(SolutionProperties) = preSolution
		HideSolutionNode = FALSE
	EndGlobalSection
EndGlobal
