
Microsoft Visual Studio Solution File, Format Version 12.00
# Visual Studio 2012
Project("{F184B08F-C81C-45F6-A57F-5ABD9991F28F}") = "ParseStarterProject", "ParseStarterProject\ParseStarterProject.vbproj", "{EFBCDCF0-A244-432B-A483-83DF61A914EA}"
EndProject
Global
	GlobalSection(SolutionConfigurationPlatforms) = preSolution
		Debug|Any CPU = Debug|Any CPU
		Debug|ARM = Debug|ARM
		Debug|x64 = Debug|x64
		Debug|x86 = Debug|x86
		Release|Any CPU = Release|Any CPU
		Release|ARM = Release|ARM
		Release|x64 = Release|x64
		Release|x86 = Release|x86
	EndGlobalSection
	GlobalSection(ProjectConfigurationPlatforms) = postSolution
		{EFBCDCF0-A244-432B-A483-83DF61A914EA}.Debug|Any CPU.ActiveCfg = Debug|Any CPU
		{EFBCDCF0-A244-432B-A483-83DF61A914EA}.Debug|Any CPU.Build.0 = Debug|Any CPU
		{EFBCDCF0-A244-432B-A483-83DF61A914EA}.Debug|Any CPU.Deploy.0 = Debug|Any CPU
		{EFBCDCF0-A244-432B-A483-83DF61A914EA}.Debug|ARM.ActiveCfg = Debug|ARM
		{EFBCDCF0-A244-432B-A483-83DF61A914EA}.Debug|ARM.Build.0 = Debug|ARM
		{EFBCDCF0-A244-432B-A483-83DF61A914EA}.Debug|ARM.Deploy.0 = Debug|ARM
		{EFBCDCF0-A244-432B-A483-83DF61A914EA}.Debug|x64.ActiveCfg = Debug|x64
		{EFBCDCF0-A244-432B-A483-83DF61A914EA}.Debug|x64.Build.0 = Debug|x64
		{EFBCDCF0-A244-432B-A483-83DF61A914EA}.Debug|x64.Deploy.0 = Debug|x64
		{EFBCDCF0-A244-432B-A483-83DF61A914EA}.Debug|x86.ActiveCfg = Debug|x86
		{EFBCDCF0-A244-432B-A483-83DF61A914EA}.Debug|x86.Build.0 = Debug|x86
		{EFBCDCF0-A244-432B-A483-83DF61A914EA}.Debug|x86.Deploy.0 = Debug|x86
		{EFBCDCF0-A244-432B-A483-83DF61A914EA}.Release|Any CPU.ActiveCfg = Release|Any CPU
		{EFBCDCF0-A244-432B-A483-83DF61A914EA}.Release|Any CPU.Build.0 = Release|Any CPU
		{EFBCDCF0-A244-432B-A483-83DF61A914EA}.Release|Any CPU.Deploy.0 = Release|Any CPU
		{EFBCDCF0-A244-432B-A483-83DF61A914EA}.Release|ARM.ActiveCfg = Release|ARM
		{EFBCDCF0-A244-432B-A483-83DF61A914EA}.Release|ARM.Build.0 = Release|ARM
		{EFBCDCF0-A244-432B-A483-83DF61A914EA}.Release|ARM.Deploy.0 = Release|ARM
		{EFBCDCF0-A244-432B-A483-83DF61A914EA}.Release|x64.ActiveCfg = Release|x64
		{EFBCDCF0-A244-432B-A483-83DF61A914EA}.Release|x64.Build.0 = Release|x64
		{EFBCDCF0-A244-432B-A483-83DF61A914EA}.Release|x64.Deploy.0 = Release|x64
		{EFBCDCF0-A244-432B-A483-83DF61A914EA}.Release|x86.ActiveCfg = Release|x86
		{EFBCDCF0-A244-432B-A483-83DF61A914EA}.Release|x86.Build.0 = Release|x86
		{EFBCDCF0-A244-432B-A483-83DF61A914EA}.Release|x86.Deploy.0 = Release|x86
	EndGlobalSection
	GlobalSection(SolutionProperties) = preSolution
		HideSolutionNode = FALSE
	EndGlobalSection
EndGlobal
